
Microsoft Visual Studio Solution File, Format Version 12.00
# Visual Studio Version 17
VisualStudioVersion = 17.5.002.0
MinimumVisualStudioVersion = 10.0.40219.1
Project("{9A19103F-16F7-4668-BE54-9A1E7A4F7556}") = "a5", "a5.csproj", "{E2601F90-7FE1-4536-A931-8B451FCAD4FD}"
EndProject
Global
	GlobalSection(SolutionConfigurationPlatforms) = preSolution
		Debug|Any CPU = Debug|Any CPU
		Release|Any CPU = Release|Any CPU
	EndGlobalSection
	GlobalSection(ProjectConfigurationPlatforms) = postSolution
		{E2601F90-7FE1-4536-A931-8B451FCAD4FD}.Debug|Any CPU.ActiveCfg = Debug|Any CPU
		{E2601F90-7FE1-4536-A931-8B451FCAD4FD}.Debug|Any CPU.Build.0 = Debug|Any CPU
		{E2601F90-7FE1-4536-A931-8B451FCAD4FD}.Release|Any CPU.ActiveCfg = Release|Any CPU
		{E2601F90-7FE1-4536-A931-8B451FCAD4FD}.Release|Any CPU.Build.0 = Release|Any CPU
	EndGlobalSection
	GlobalSection(SolutionProperties) = preSolution
		HideSolutionNode = FALSE
	EndGlobalSection
	GlobalSection(ExtensibilityGlobals) = postSolution
		SolutionGuid = {53D8ACBB-0EED-4571-9195-7F269459D773}
	EndGlobalSection
EndGlobal
